
Microsoft Visual Studio Solution File, Format Version 11.00
# Visual Studio 2010 Express for Windows Phone
Project("{FAE04EC0-301F-11D3-BF4B-00C04F79EFBC}") = "ItemisAppWP7", "ItemisAppWP7\ItemisAppWP7.csproj", "{F6109A05-B147-489F-AE36-C1A8C8D6E11C}"
EndProject
Global
	GlobalSection(SolutionConfigurationPlatforms) = preSolution
		Debug|Any CPU = Debug|Any CPU
		Release|Any CPU = Release|Any CPU
	EndGlobalSection
	GlobalSection(ProjectConfigurationPlatforms) = postSolution
		{F6109A05-B147-489F-AE36-C1A8C8D6E11C}.Debug|Any CPU.ActiveCfg = Debug|Any CPU
		{F6109A05-B147-489F-AE36-C1A8C8D6E11C}.Debug|Any CPU.Build.0 = Debug|Any CPU
		{F6109A05-B147-489F-AE36-C1A8C8D6E11C}.Debug|Any CPU.Deploy.0 = Debug|Any CPU
		{F6109A05-B147-489F-AE36-C1A8C8D6E11C}.Release|Any CPU.ActiveCfg = Release|Any CPU
		{F6109A05-B147-489F-AE36-C1A8C8D6E11C}.Release|Any CPU.Build.0 = Release|Any CPU
		{F6109A05-B147-489F-AE36-C1A8C8D6E11C}.Release|Any CPU.Deploy.0 = Release|Any CPU
	EndGlobalSection
	GlobalSection(SolutionProperties) = preSolution
		HideSolutionNode = FALSE
	EndGlobalSection
EndGlobal
